// !$*UTF8*$!
{
	archiveVersion = 1;
	classes = {
	};
	objectVersion = 46;
	objects = {

/* Begin PBXBuildFile section */
		ED71AE651D6C4C8B00E75E2A /* libAppSupport.a in Copy Files */ = {isa = PBXBuildFile; fileRef = ED71AE551D6C427000E75E2A /* libAppSupport.a */; settings = {ATTRIBUTES = (CodeSignOnCopy, ); }; };
		ED71AE7F1D6C583A00E75E2A /* AppSupport.h in Headers */ = {isa = PBXBuildFile; fileRef = ED71AE7D1D6C583A00E75E2A /* AppSupport.h */; };
		ED71AE801D6C583A00E75E2A /* AppSupport.m in Sources */ = {isa = PBXBuildFile; fileRef = ED71AE7E1D6C583A00E75E2A /* AppSupport.m */; };
		ED71AE841D6C5BCF00E75E2A /* BaseModel.h in Headers */ = {isa = PBXBuildFile; fileRef = ED71AE821D6C5BCF00E75E2A /* BaseModel.h */; };
		ED71AE851D6C5BCF00E75E2A /* BaseModel.m in Sources */ = {isa = PBXBuildFile; fileRef = ED71AE831D6C5BCF00E75E2A /* BaseModel.m */; };
		ED71AE951D6D430100E75E2A /* StretchyHeaderCollectionViewLayout.m in Sources */ = {isa = PBXBuildFile; fileRef = ED71AE921D6D41A800E75E2A /* StretchyHeaderCollectionViewLayout.m */; };
		ED71AE961D6D430100E75E2A /* UncaughtExceptionHandler.m in Sources */ = {isa = PBXBuildFile; fileRef = ED71AE941D6D41A800E75E2A /* UncaughtExceptionHandler.m */; };
		ED71AE971D6D430100E75E2A /* CustomNavigationViewController.m in Sources */ = {isa = PBXBuildFile; fileRef = ED71AE8F1D6D416F00E75E2A /* CustomNavigationViewController.m */; };
		ED71AE981D6D430100E75E2A /* NSString+ForbidEmoji.m in Sources */ = {isa = PBXBuildFile; fileRef = ED71AE881D6D408F00E75E2A /* NSString+ForbidEmoji.m */; };
		ED71AE991D6D430100E75E2A /* UIImage+LayerAction.m in Sources */ = {isa = PBXBuildFile; fileRef = ED71AE8A1D6D408F00E75E2A /* UIImage+LayerAction.m */; };
		ED71AE9A1D6D430100E75E2A /* UIViewController+CustomTracker.m in Sources */ = {isa = PBXBuildFile; fileRef = ED71AE8C1D6D408F00E75E2A /* UIViewController+CustomTracker.m */; };
/* End PBXBuildFile section */

/* Begin PBXCopyFilesBuildPhase section */
		ED71AE531D6C427000E75E2A /* Copy Files */ = {
			isa = PBXCopyFilesBuildPhase;
			buildActionMask = 2147483647;
			dstPath = "include/$(PRODUCT_NAME)";
			dstSubfolderSpec = 1;
			files = (
				ED71AE651D6C4C8B00E75E2A /* libAppSupport.a in Copy Files */,
			);
			name = "Copy Files";
			runOnlyForDeploymentPostprocessing = 0;
		};
/* End PBXCopyFilesBuildPhase section */

/* Begin PBXFileReference section */
		ED71AE551D6C427000E75E2A /* libAppSupport.a */ = {isa = PBXFileReference; explicitFileType = archive.ar; includeInIndex = 0; path = libAppSupport.a; sourceTree = BUILT_PRODUCTS_DIR; };
		ED71AE6C1D6C573E00E75E2A /* Foundation.framework */ = {isa = PBXFileReference; lastKnownFileType = wrapper.framework; name = Foundation.framework; path = System/Library/Frameworks/Foundation.framework; sourceTree = SDKROOT; };
		ED71AE7D1D6C583A00E75E2A /* AppSupport.h */ = {isa = PBXFileReference; fileEncoding = 4; lastKnownFileType = sourcecode.c.h; path = AppSupport.h; sourceTree = "<group>"; };
		ED71AE7E1D6C583A00E75E2A /* AppSupport.m */ = {isa = PBXFileReference; fileEncoding = 4; lastKnownFileType = sourcecode.c.objc; path = AppSupport.m; sourceTree = "<group>"; };
		ED71AE821D6C5BCF00E75E2A /* BaseModel.h */ = {isa = PBXFileReference; fileEncoding = 4; lastKnownFileType = sourcecode.c.h; path = BaseModel.h; sourceTree = "<group>"; };
		ED71AE831D6C5BCF00E75E2A /* BaseModel.m */ = {isa = PBXFileReference; fileEncoding = 4; lastKnownFileType = sourcecode.c.objc; path = BaseModel.m; sourceTree = "<group>"; };
		ED71AE871D6D408F00E75E2A /* NSString+ForbidEmoji.h */ = {isa = PBXFileReference; lastKnownFileType = sourcecode.c.h; path = "NSString+ForbidEmoji.h"; sourceTree = "<group>"; };
		ED71AE881D6D408F00E75E2A /* NSString+ForbidEmoji.m */ = {isa = PBXFileReference; lastKnownFileType = sourcecode.c.objc; path = "NSString+ForbidEmoji.m"; sourceTree = "<group>"; };
		ED71AE891D6D408F00E75E2A /* UIImage+LayerAction.h */ = {isa = PBXFileReference; lastKnownFileType = sourcecode.c.h; path = "UIImage+LayerAction.h"; sourceTree = "<group>"; };
		ED71AE8A1D6D408F00E75E2A /* UIImage+LayerAction.m */ = {isa = PBXFileReference; lastKnownFileType = sourcecode.c.objc; path = "UIImage+LayerAction.m"; sourceTree = "<group>"; };
		ED71AE8B1D6D408F00E75E2A /* UIViewController+CustomTracker.h */ = {isa = PBXFileReference; lastKnownFileType = sourcecode.c.h; path = "UIViewController+CustomTracker.h"; sourceTree = "<group>"; };
		ED71AE8C1D6D408F00E75E2A /* UIViewController+CustomTracker.m */ = {isa = PBXFileReference; lastKnownFileType = sourcecode.c.objc; path = "UIViewController+CustomTracker.m"; sourceTree = "<group>"; };
		ED71AE8E1D6D416F00E75E2A /* CustomNavigationViewController.h */ = {isa = PBXFileReference; lastKnownFileType = sourcecode.c.h; path = CustomNavigationViewController.h; sourceTree = "<group>"; };
		ED71AE8F1D6D416F00E75E2A /* CustomNavigationViewController.m */ = {isa = PBXFileReference; lastKnownFileType = sourcecode.c.objc; path = CustomNavigationViewController.m; sourceTree = "<group>"; };
		ED71AE911D6D41A800E75E2A /* StretchyHeaderCollectionViewLayout.h */ = {isa = PBXFileReference; lastKnownFileType = sourcecode.c.h; path = StretchyHeaderCollectionViewLayout.h; sourceTree = "<group>"; };
		ED71AE921D6D41A800E75E2A /* StretchyHeaderCollectionViewLayout.m */ = {isa = PBXFileReference; lastKnownFileType = sourcecode.c.objc; path = StretchyHeaderCollectionViewLayout.m; sourceTree = "<group>"; };
		ED71AE931D6D41A800E75E2A /* UncaughtExceptionHandler.h */ = {isa = PBXFileReference; lastKnownFileType = sourcecode.c.h; path = UncaughtExceptionHandler.h; sourceTree = "<group>"; };
		ED71AE941D6D41A800E75E2A /* UncaughtExceptionHandler.m */ = {isa = PBXFileReference; lastKnownFileType = sourcecode.c.objc; path = UncaughtExceptionHandler.m; sourceTree = "<group>"; };
/* End PBXFileReference section */

/* Begin PBXFrameworksBuildPhase section */
		ED71AE521D6C427000E75E2A /* Frameworks */ = {
			isa = PBXFrameworksBuildPhase;
			buildActionMask = 2147483647;
			files = (
			);
			runOnlyForDeploymentPostprocessing = 0;
		};
/* End PBXFrameworksBuildPhase section */

/* Begin PBXGroup section */
		ED71AE4C1D6C427000E75E2A = {
			isa = PBXGroup;
			children = (
				ED71AE7C1D6C583A00E75E2A /* AppSupport */,
				ED71AE6C1D6C573E00E75E2A /* Foundation.framework */,
				ED71AE561D6C427000E75E2A /* Products */,
			);
			sourceTree = "<group>";
		};
		ED71AE561D6C427000E75E2A /* Products */ = {
			isa = PBXGroup;
			children = (
				ED71AE551D6C427000E75E2A /* libAppSupport.a */,
			);
			name = Products;
			sourceTree = "<group>";
		};
		ED71AE7C1D6C583A00E75E2A /* AppSupport */ = {
			isa = PBXGroup;
			children = (
				ED71AE901D6D41A800E75E2A /* library */,
				ED71AE8D1D6D416F00E75E2A /* base */,
				ED71AE861D6D408F00E75E2A /* category */,
				ED71AE811D6C5BAB00E75E2A /* coredata */,
				ED71AE7D1D6C583A00E75E2A /* AppSupport.h */,
				ED71AE7E1D6C583A00E75E2A /* AppSupport.m */,
			);
			path = AppSupport;
			sourceTree = "<group>";
		};
		ED71AE811D6C5BAB00E75E2A /* coredata */ = {
			isa = PBXGroup;
			children = (
				ED71AE821D6C5BCF00E75E2A /* BaseModel.h */,
				ED71AE831D6C5BCF00E75E2A /* BaseModel.m */,
			);
			path = coredata;
			sourceTree = "<group>";
		};
		ED71AE861D6D408F00E75E2A /* category */ = {
			isa = PBXGroup;
			children = (
				ED71AE871D6D408F00E75E2A /* NSString+ForbidEmoji.h */,
				ED71AE881D6D408F00E75E2A /* NSString+ForbidEmoji.m */,
				ED71AE891D6D408F00E75E2A /* UIImage+LayerAction.h */,
				ED71AE8A1D6D408F00E75E2A /* UIImage+LayerAction.m */,
				ED71AE8B1D6D408F00E75E2A /* UIViewController+CustomTracker.h */,
				ED71AE8C1D6D408F00E75E2A /* UIViewController+CustomTracker.m */,
			);
			path = category;
			sourceTree = "<group>";
		};
		ED71AE8D1D6D416F00E75E2A /* base */ = {
			isa = PBXGroup;
			children = (
				ED71AE8E1D6D416F00E75E2A /* CustomNavigationViewController.h */,
				ED71AE8F1D6D416F00E75E2A /* CustomNavigationViewController.m */,
			);
			path = base;
			sourceTree = "<group>";
		};
		ED71AE901D6D41A800E75E2A /* library */ = {
			isa = PBXGroup;
			children = (
				ED71AE911D6D41A800E75E2A /* StretchyHeaderCollectionViewLayout.h */,
				ED71AE921D6D41A800E75E2A /* StretchyHeaderCollectionViewLayout.m */,
				ED71AE931D6D41A800E75E2A /* UncaughtExceptionHandler.h */,
				ED71AE941D6D41A800E75E2A /* UncaughtExceptionHandler.m */,
			);
			path = library;
			sourceTree = "<group>";
		};
/* End PBXGroup section */

/* Begin PBXHeadersBuildPhase section */
		ED71AE631D6C4BC700E75E2A /* Headers */ = {
			isa = PBXHeadersBuildPhase;
			buildActionMask = 2147483647;
			files = (
				ED71AE7F1D6C583A00E75E2A /* AppSupport.h in Headers */,
				ED71AE841D6C5BCF00E75E2A /* BaseModel.h in Headers */,
			);
			runOnlyForDeploymentPostprocessing = 0;
		};
/* End PBXHeadersBuildPhase section */

/* Begin PBXNativeTarget section */
		ED71AE541D6C427000E75E2A /* AppSupport */ = {
			isa = PBXNativeTarget;
			buildConfigurationList = ED71AE5E1D6C427100E75E2A /* Build configuration list for PBXNativeTarget "AppSupport" */;
			buildPhases = (
				ED71AE511D6C427000E75E2A /* Sources */,
				ED71AE521D6C427000E75E2A /* Frameworks */,
				ED71AE531D6C427000E75E2A /* Copy Files */,
				ED71AE631D6C4BC700E75E2A /* Headers */,
			);
			buildRules = (
			);
			dependencies = (
			);
			name = AppSupport;
			productName = AppSupport;
			productReference = ED71AE551D6C427000E75E2A /* libAppSupport.a */;
			productType = "com.apple.product-type.library.static";
		};
/* End PBXNativeTarget section */

/* Begin PBXProject section */
		ED71AE4D1D6C427000E75E2A /* Project object */ = {
			isa = PBXProject;
			attributes = {
				LastUpgradeCheck = 0730;
				ORGANIZATIONNAME = cherry;
				TargetAttributes = {
					ED71AE541D6C427000E75E2A = {
						CreatedOnToolsVersion = 7.3;
					};
				};
			};
			buildConfigurationList = ED71AE501D6C427000E75E2A /* Build configuration list for PBXProject "AppSupport" */;
			compatibilityVersion = "Xcode 3.2";
			developmentRegion = English;
			hasScannedForEncodings = 0;
			knownRegions = (
				en,
			);
			mainGroup = ED71AE4C1D6C427000E75E2A;
			productRefGroup = ED71AE561D6C427000E75E2A /* Products */;
			projectDirPath = "";
			projectRoot = "";
			targets = (
				ED71AE541D6C427000E75E2A /* AppSupport */,
			);
		};
/* End PBXProject section */

/* Begin PBXSourcesBuildPhase section */
		ED71AE511D6C427000E75E2A /* Sources */ = {
			isa = PBXSourcesBuildPhase;
			buildActionMask = 2147483647;
			files = (
				ED71AE951D6D430100E75E2A /* StretchyHeaderCollectionViewLayout.m in Sources */,
				ED71AE961D6D430100E75E2A /* UncaughtExceptionHandler.m in Sources */,
				ED71AE971D6D430100E75E2A /* CustomNavigationViewController.m in Sources */,
				ED71AE981D6D430100E75E2A /* NSString+ForbidEmoji.m in Sources */,
				ED71AE991D6D430100E75E2A /* UIImage+LayerAction.m in Sources */,
				ED71AE9A1D6D430100E75E2A /* UIViewController+CustomTracker.m in Sources */,
				ED71AE851D6C5BCF00E75E2A /* BaseModel.m in Sources */,
				ED71AE801D6C583A00E75E2A /* AppSupport.m in Sources */,
			);
			runOnlyForDeploymentPostprocessing = 0;
		};
/* End PBXSourcesBuildPhase section */

/* Begin XCBuildConfiguration section */
		ED71AE5C1D6C427100E75E2A /* Debug */ = {
			isa = XCBuildConfiguration;
			buildSettings = {
				ALWAYS_SEARCH_USER_PATHS = NO;
				CLANG_ANALYZER_NONNULL = YES;
				CLANG_CXX_LANGUAGE_STANDARD = "gnu++0x";
				CLANG_CXX_LIBRARY = "libc++";
				CLANG_ENABLE_MODULES = YES;
				CLANG_ENABLE_OBJC_ARC = YES;
				CLANG_WARN_BOOL_CONVERSION = YES;
				CLANG_WARN_CONSTANT_CONVERSION = YES;
				CLANG_WARN_DIRECT_OBJC_ISA_USAGE = YES_ERROR;
				CLANG_WARN_EMPTY_BODY = YES;
				CLANG_WARN_ENUM_CONVERSION = YES;
				CLANG_WARN_INT_CONVERSION = YES;
				CLANG_WARN_OBJC_ROOT_CLASS = YES_ERROR;
				CLANG_WARN_UNREACHABLE_CODE = YES;
				CLANG_WARN__DUPLICATE_METHOD_MATCH = YES;
				"CODE_SIGN_IDENTITY[sdk=iphoneos*]" = "iPhone Developer";
				COPY_PHASE_STRIP = NO;
				DEBUG_INFORMATION_FORMAT = dwarf;
				ENABLE_STRICT_OBJC_MSGSEND = YES;
				ENABLE_TESTABILITY = YES;
				GCC_C_LANGUAGE_STANDARD = gnu99;
				GCC_DYNAMIC_NO_PIC = NO;
				GCC_NO_COMMON_BLOCKS = YES;
				GCC_OPTIMIZATION_LEVEL = 0;
				GCC_PREPROCESSOR_DEFINITIONS = (
					"DEBUG=1",
					"$(inherited)",
				);
				GCC_WARN_64_TO_32_BIT_CONVERSION = YES;
				GCC_WARN_ABOUT_RETURN_TYPE = YES_ERROR;
				GCC_WARN_UNDECLARED_SELECTOR = YES;
				GCC_WARN_UNINITIALIZED_AUTOS = YES_AGGRESSIVE;
				GCC_WARN_UNUSED_FUNCTION = YES;
				GCC_WARN_UNUSED_VARIABLE = YES;
				IPHONEOS_DEPLOYMENT_TARGET = 9.3;
				MTL_ENABLE_DEBUG_INFO = YES;
				ONLY_ACTIVE_ARCH = YES;
				SDKROOT = iphoneos;
			};
			name = Debug;
		};
		ED71AE5D1D6C427100E75E2A /* Release */ = {
			isa = XCBuildConfiguration;
			buildSettings = {
				ALWAYS_SEARCH_USER_PATHS = NO;
				CLANG_ANALYZER_NONNULL = YES;
				CLANG_CXX_LANGUAGE_STANDARD = "gnu++0x";
				CLANG_CXX_LIBRARY = "libc++";
				CLANG_ENABLE_MODULES = YES;
				CLANG_ENABLE_OBJC_ARC = YES;
				CLANG_WARN_BOOL_CONVERSION = YES;
				CLANG_WARN_CONSTANT_CONVERSION = YES;
				CLANG_WARN_DIRECT_OBJC_ISA_USAGE = YES_ERROR;
				CLANG_WARN_EMPTY_BODY = YES;
				CLANG_WARN_ENUM_CONVERSION = YES;
				CLANG_WARN_INT_CONVERSION = YES;
				CLANG_WARN_OBJC_ROOT_CLASS = YES_ERROR;
				CLANG_WARN_UNREACHABLE_CODE = YES;
				CLANG_WARN__DUPLICATE_METHOD_MATCH = YES;
				"CODE_SIGN_IDENTITY[sdk=iphoneos*]" = "iPhone Developer";
				COPY_PHASE_STRIP = NO;
				DEBUG_INFORMATION_FORMAT = "dwarf-with-dsym";
				ENABLE_NS_ASSERTIONS = NO;
				ENABLE_STRICT_OBJC_MSGSEND = YES;
				GCC_C_LANGUAGE_STANDARD = gnu99;
				GCC_NO_COMMON_BLOCKS = YES;
				GCC_WARN_64_TO_32_BIT_CONVERSION = YES;
				GCC_WARN_ABOUT_RETURN_TYPE = YES_ERROR;
				GCC_WARN_UNDECLARED_SELECTOR = YES;
				GCC_WARN_UNINITIALIZED_AUTOS = YES_AGGRESSIVE;
				GCC_WARN_UNUSED_FUNCTION = YES;
				GCC_WARN_UNUSED_VARIABLE = YES;
				IPHONEOS_DEPLOYMENT_TARGET = 9.3;
				MTL_ENABLE_DEBUG_INFO = NO;
				SDKROOT = iphoneos;
				VALIDATE_PRODUCT = YES;
			};
			name = Release;
		};
		ED71AE5F1D6C427100E75E2A /* Debug */ = {
			isa = XCBuildConfiguration;
			buildSettings = {
				ALWAYS_SEARCH_USER_PATHS = NO;
				HEADER_SEARCH_PATHS = "$(inherited)";
				OTHER_LDFLAGS = "-ObjC";
				PRODUCT_NAME = "$(TARGET_NAME)";
				SKIP_INSTALL = YES;
				USER_HEADER_SEARCH_PATHS = "";
			};
			name = Debug;
		};
		ED71AE601D6C427100E75E2A /* Release */ = {
			isa = XCBuildConfiguration;
			buildSettings = {
				ALWAYS_SEARCH_USER_PATHS = NO;
				HEADER_SEARCH_PATHS = "$(inherited)";
				OTHER_LDFLAGS = "-ObjC";
				PRODUCT_NAME = "$(TARGET_NAME)";
				SKIP_INSTALL = YES;
				USER_HEADER_SEARCH_PATHS = "";
			};
			name = Release;
		};
/* End XCBuildConfiguration section */

/* Begin XCConfigurationList section */
		ED71AE501D6C427000E75E2A /* Build configuration list for PBXProject "AppSupport" */ = {
			isa = XCConfigurationList;
			buildConfigurations = (
				ED71AE5C1D6C427100E75E2A /* Debug */,
				ED71AE5D1D6C427100E75E2A /* Release */,
			);
			defaultConfigurationIsVisible = 0;
			defaultConfigurationName = Release;
		};
		ED71AE5E1D6C427100E75E2A /* Build configuration list for PBXNativeTarget "AppSupport" */ = {
			isa = XCConfigurationList;
			buildConfigurations = (
				ED71AE5F1D6C427100E75E2A /* Debug */,
				ED71AE601D6C427100E75E2A /* Release */,
			);
			defaultConfigurationIsVisible = 0;
		};
/* End XCConfigurationList section */
	};
	rootObject = ED71AE4D1D6C427000E75E2A /* Project object */;
}
